
Microsoft Visual Studio Solution File, Format Version 12.00
# Visual Studio 2017
Project("{FAE04EC0-301F-11D3-BF4B-00C04F79EFBC}") = "GunsGirl", "GunsGirl.csproj", "{650FEE3A-0D98-0E4A-D89C-712EAC9E4BA1}"
EndProject
Global
	GlobalSection(SolutionConfigurationPlatforms) = preSolution
		Debug|Any CPU = Debug|Any CPU
		Release|Any CPU = Release|Any CPU
	EndGlobalSection
	GlobalSection(ProjectConfigurationPlatforms) = postSolution
		{650FEE3A-0D98-0E4A-D89C-712EAC9E4BA1}.Debug|Any CPU.ActiveCfg = Debug|Any CPU
		{650FEE3A-0D98-0E4A-D89C-712EAC9E4BA1}.Debug|Any CPU.Build.0 = Debug|Any CPU
		{650FEE3A-0D98-0E4A-D89C-712EAC9E4BA1}.Release|Any CPU.ActiveCfg = Release|Any CPU
		{650FEE3A-0D98-0E4A-D89C-712EAC9E4BA1}.Release|Any CPU.Build.0 = Release|Any CPU
	EndGlobalSection
	GlobalSection(SolutionProperties) = preSolution
		HideSolutionNode = FALSE
	EndGlobalSection
EndGlobal
